// !$*UTF8*$!
{
	archiveVersion = 1;
	classes = {
	};
	objectVersion = 56;
	objects = {

/* Begin PBXBuildFile section */
		B70125DF2C88D2B800F45558 /* MockAPIService.swift in Sources */ = {isa = PBXBuildFile; fileRef = B70125DE2C88D2B800F45558 /* MockAPIService.swift */; };
		B70125E12C88D30F00F45558 /* MatchServiceTests.swift in Sources */ = {isa = PBXBuildFile; fileRef = B70125E02C88D30F00F45558 /* MatchServiceTests.swift */; };
		B70125E52C88D49400F45558 /* MockURLSession.swift in Sources */ = {isa = PBXBuildFile; fileRef = B70125E42C88D49400F45558 /* MockURLSession.swift */; };
		B7A6D55B2C879862004F92CB /* MatchRowView.swift in Sources */ = {isa = PBXBuildFile; fileRef = B7A6D55A2C879862004F92CB /* MatchRowView.swift */; };
		B7B1033C2C85F0F300C96126 /* cs_go_matchesApp.swift in Sources */ = {isa = PBXBuildFile; fileRef = B7B1033B2C85F0F300C96126 /* cs_go_matchesApp.swift */; };
		B7B103402C85F0F400C96126 /* Assets.xcassets in Resources */ = {isa = PBXBuildFile; fileRef = B7B1033F2C85F0F400C96126 /* Assets.xcassets */; };
		B7B103432C85F0F400C96126 /* Preview Assets.xcassets in Resources */ = {isa = PBXBuildFile; fileRef = B7B103422C85F0F400C96126 /* Preview Assets.xcassets */; };
		B7B103682C85F27500C96126 /* LaunchScreen.storyboard in Resources */ = {isa = PBXBuildFile; fileRef = B7B103672C85F27500C96126 /* LaunchScreen.storyboard */; };
		B7B1036B2C85F49800C96126 /* Color.swift in Sources */ = {isa = PBXBuildFile; fileRef = B7B1036A2C85F49800C96126 /* Color.swift */; };
		B7B103732C86624C00C96126 /* MatchListModel.swift in Sources */ = {isa = PBXBuildFile; fileRef = B7B103722C86624C00C96126 /* MatchListModel.swift */; };
		B7B103752C86627200C96126 /* MatchDetail.swift in Sources */ = {isa = PBXBuildFile; fileRef = B7B103742C86627200C96126 /* MatchDetail.swift */; };
		B7B103782C8666D300C96126 /* APIEndpoints.swift in Sources */ = {isa = PBXBuildFile; fileRef = B7B103772C8666D300C96126 /* APIEndpoints.swift */; };
		B7B1037A2C86670800C96126 /* APIService.swift in Sources */ = {isa = PBXBuildFile; fileRef = B7B103792C86670800C96126 /* APIService.swift */; };
		B7B1037C2C86673000C96126 /* MatchService.swift in Sources */ = {isa = PBXBuildFile; fileRef = B7B1037B2C86673000C96126 /* MatchService.swift */; };
		B7B1037E2C8667FD00C96126 /* MatchServiceProtocols.swift in Sources */ = {isa = PBXBuildFile; fileRef = B7B1037D2C8667FD00C96126 /* MatchServiceProtocols.swift */; };
		B7B103842C866E3F00C96126 /* EnvConfigurations.swift in Sources */ = {isa = PBXBuildFile; fileRef = B7B103832C866E3F00C96126 /* EnvConfigurations.swift */; };
		B7B103882C87543C00C96126 /* MatchesListViewModel.swift in Sources */ = {isa = PBXBuildFile; fileRef = B7B103872C87543C00C96126 /* MatchesListViewModel.swift */; };
		B7B1038A2C8754E600C96126 /* MatchesListView.swift in Sources */ = {isa = PBXBuildFile; fileRef = B7B103892C8754E600C96126 /* MatchesListView.swift */; };
		B7BC2E972C88D6670038BC18 /* URLSession.swift in Sources */ = {isa = PBXBuildFile; fileRef = B7BC2E962C88D6670038BC18 /* URLSession.swift */; };
		B7BC2E992C88D6C00038BC18 /* APIServiceTests.swift in Sources */ = {isa = PBXBuildFile; fileRef = B7BC2E982C88D6C00038BC18 /* APIServiceTests.swift */; };
		B7BC2E9D2C88D8A20038BC18 /* AppError.swift in Sources */ = {isa = PBXBuildFile; fileRef = B7BC2E9C2C88D8A20038BC18 /* AppError.swift */; };
		B7BC2E9F2C88D9810038BC18 /* MockMatchService.swift in Sources */ = {isa = PBXBuildFile; fileRef = B7BC2E9E2C88D9810038BC18 /* MockMatchService.swift */; };
		B7BC2EA12C88D9AD0038BC18 /* MatchesListViewModelTests.swift in Sources */ = {isa = PBXBuildFile; fileRef = B7BC2EA02C88D9AD0038BC18 /* MatchesListViewModelTests.swift */; };
		B7BFFE612C888F7300A7EAEF /* MatchParser.swift in Sources */ = {isa = PBXBuildFile; fileRef = B7BFFE602C888F7300A7EAEF /* MatchParser.swift */; };
		B7BFFE632C889DC200A7EAEF /* Collections.swift in Sources */ = {isa = PBXBuildFile; fileRef = B7BFFE622C889DC200A7EAEF /* Collections.swift */; };
		B7BFFE782C88AD7400A7EAEF /* MockJson.swift in Sources */ = {isa = PBXBuildFile; fileRef = B7BFFE772C88AD7400A7EAEF /* MockJson.swift */; };
		B7BFFE7A2C88ADAA00A7EAEF /* MatchParserTests.swift in Sources */ = {isa = PBXBuildFile; fileRef = B7BFFE792C88ADAA00A7EAEF /* MatchParserTests.swift */; };
/* End PBXBuildFile section */

/* Begin PBXContainerItemProxy section */
		B7BFFE712C88AD3F00A7EAEF /* PBXContainerItemProxy */ = {
			isa = PBXContainerItemProxy;
			containerPortal = B7B103302C85F0F300C96126 /* Project object */;
			proxyType = 1;
			remoteGlobalIDString = B7B103372C85F0F300C96126;
			remoteInfo = "cs-go-matches";
		};
/* End PBXContainerItemProxy section */

/* Begin PBXFileReference section */
		B70125DE2C88D2B800F45558 /* MockAPIService.swift */ = {isa = PBXFileReference; lastKnownFileType = sourcecode.swift; path = MockAPIService.swift; sourceTree = "<group>"; };
		B70125E02C88D30F00F45558 /* MatchServiceTests.swift */ = {isa = PBXFileReference; lastKnownFileType = sourcecode.swift; path = MatchServiceTests.swift; sourceTree = "<group>"; };
		B70125E42C88D49400F45558 /* MockURLSession.swift */ = {isa = PBXFileReference; lastKnownFileType = sourcecode.swift; path = MockURLSession.swift; sourceTree = "<group>"; };
		B7A6D55A2C879862004F92CB /* MatchRowView.swift */ = {isa = PBXFileReference; lastKnownFileType = sourcecode.swift; path = MatchRowView.swift; sourceTree = "<group>"; };
		B7B103382C85F0F300C96126 /* cs-go-matches.app */ = {isa = PBXFileReference; explicitFileType = wrapper.application; includeInIndex = 0; path = "cs-go-matches.app"; sourceTree = BUILT_PRODUCTS_DIR; };
		B7B1033B2C85F0F300C96126 /* cs_go_matchesApp.swift */ = {isa = PBXFileReference; lastKnownFileType = sourcecode.swift; path = cs_go_matchesApp.swift; sourceTree = "<group>"; };
		B7B1033F2C85F0F400C96126 /* Assets.xcassets */ = {isa = PBXFileReference; lastKnownFileType = folder.assetcatalog; path = Assets.xcassets; sourceTree = "<group>"; };
		B7B103422C85F0F400C96126 /* Preview Assets.xcassets */ = {isa = PBXFileReference; lastKnownFileType = folder.assetcatalog; path = "Preview Assets.xcassets"; sourceTree = "<group>"; };
		B7B103672C85F27500C96126 /* LaunchScreen.storyboard */ = {isa = PBXFileReference; lastKnownFileType = file.storyboard; path = LaunchScreen.storyboard; sourceTree = "<group>"; };
		B7B1036A2C85F49800C96126 /* Color.swift */ = {isa = PBXFileReference; lastKnownFileType = sourcecode.swift; path = Color.swift; sourceTree = "<group>"; };
		B7B1036C2C85FB6200C96126 /* Info.plist */ = {isa = PBXFileReference; lastKnownFileType = text.plist; path = Info.plist; sourceTree = "<group>"; };
		B7B103722C86624C00C96126 /* MatchListModel.swift */ = {isa = PBXFileReference; lastKnownFileType = sourcecode.swift; path = MatchListModel.swift; sourceTree = "<group>"; };
		B7B103742C86627200C96126 /* MatchDetail.swift */ = {isa = PBXFileReference; lastKnownFileType = sourcecode.swift; path = MatchDetail.swift; sourceTree = "<group>"; };
		B7B103772C8666D300C96126 /* APIEndpoints.swift */ = {isa = PBXFileReference; lastKnownFileType = sourcecode.swift; path = APIEndpoints.swift; sourceTree = "<group>"; };
		B7B103792C86670800C96126 /* APIService.swift */ = {isa = PBXFileReference; lastKnownFileType = sourcecode.swift; path = APIService.swift; sourceTree = "<group>"; };
		B7B1037B2C86673000C96126 /* MatchService.swift */ = {isa = PBXFileReference; lastKnownFileType = sourcecode.swift; path = MatchService.swift; sourceTree = "<group>"; };
		B7B1037D2C8667FD00C96126 /* MatchServiceProtocols.swift */ = {isa = PBXFileReference; lastKnownFileType = sourcecode.swift; path = MatchServiceProtocols.swift; sourceTree = "<group>"; };
		B7B103802C8669CB00C96126 /* development.xcconfig */ = {isa = PBXFileReference; lastKnownFileType = text.xcconfig; path = development.xcconfig; sourceTree = "<group>"; };
		B7B103812C866A0200C96126 /* development.xcconfig.example */ = {isa = PBXFileReference; lastKnownFileType = text; path = development.xcconfig.example; sourceTree = "<group>"; };
		B7B103832C866E3F00C96126 /* EnvConfigurations.swift */ = {isa = PBXFileReference; lastKnownFileType = sourcecode.swift; path = EnvConfigurations.swift; sourceTree = "<group>"; };
		B7B103872C87543C00C96126 /* MatchesListViewModel.swift */ = {isa = PBXFileReference; lastKnownFileType = sourcecode.swift; path = MatchesListViewModel.swift; sourceTree = "<group>"; };
		B7B103892C8754E600C96126 /* MatchesListView.swift */ = {isa = PBXFileReference; lastKnownFileType = sourcecode.swift; path = MatchesListView.swift; sourceTree = "<group>"; };
		B7BC2E962C88D6670038BC18 /* URLSession.swift */ = {isa = PBXFileReference; lastKnownFileType = sourcecode.swift; path = URLSession.swift; sourceTree = "<group>"; };
		B7BC2E982C88D6C00038BC18 /* APIServiceTests.swift */ = {isa = PBXFileReference; lastKnownFileType = sourcecode.swift; path = APIServiceTests.swift; sourceTree = "<group>"; };
		B7BC2E9C2C88D8A20038BC18 /* AppError.swift */ = {isa = PBXFileReference; lastKnownFileType = sourcecode.swift; path = AppError.swift; sourceTree = "<group>"; };
		B7BC2E9E2C88D9810038BC18 /* MockMatchService.swift */ = {isa = PBXFileReference; lastKnownFileType = sourcecode.swift; path = MockMatchService.swift; sourceTree = "<group>"; };
		B7BC2EA02C88D9AD0038BC18 /* MatchesListViewModelTests.swift */ = {isa = PBXFileReference; lastKnownFileType = sourcecode.swift; path = MatchesListViewModelTests.swift; sourceTree = "<group>"; };
		B7BFFE602C888F7300A7EAEF /* MatchParser.swift */ = {isa = PBXFileReference; lastKnownFileType = sourcecode.swift; path = MatchParser.swift; sourceTree = "<group>"; };
		B7BFFE622C889DC200A7EAEF /* Collections.swift */ = {isa = PBXFileReference; lastKnownFileType = sourcecode.swift; path = Collections.swift; sourceTree = "<group>"; };
		B7BFFE6D2C88AD3E00A7EAEF /* cs-go-matchesTests.xctest */ = {isa = PBXFileReference; explicitFileType = wrapper.cfbundle; includeInIndex = 0; path = "cs-go-matchesTests.xctest"; sourceTree = BUILT_PRODUCTS_DIR; };
		B7BFFE772C88AD7400A7EAEF /* MockJson.swift */ = {isa = PBXFileReference; lastKnownFileType = sourcecode.swift; path = MockJson.swift; sourceTree = "<group>"; };
		B7BFFE792C88ADAA00A7EAEF /* MatchParserTests.swift */ = {isa = PBXFileReference; lastKnownFileType = sourcecode.swift; path = MatchParserTests.swift; sourceTree = "<group>"; };
/* End PBXFileReference section */

/* Begin PBXFrameworksBuildPhase section */
		B7B103352C85F0F300C96126 /* Frameworks */ = {
			isa = PBXFrameworksBuildPhase;
			buildActionMask = 2147483647;
			files = (
			);
			runOnlyForDeploymentPostprocessing = 0;
		};
		B7BFFE6A2C88AD3E00A7EAEF /* Frameworks */ = {
			isa = PBXFrameworksBuildPhase;
			buildActionMask = 2147483647;
			files = (
			);
			runOnlyForDeploymentPostprocessing = 0;
		};
/* End PBXFrameworksBuildPhase section */

/* Begin PBXGroup section */
		B70125DD2C88D29A00F45558 /* services */ = {
			isa = PBXGroup;
			children = (
				B70125E32C88D48900F45558 /* api */,
				B70125E22C88D48400F45558 /* match */,
			);
			path = services;
			sourceTree = "<group>";
		};
		B70125E22C88D48400F45558 /* match */ = {
			isa = PBXGroup;
			children = (
				B7BFFE792C88ADAA00A7EAEF /* MatchParserTests.swift */,
				B70125DE2C88D2B800F45558 /* MockAPIService.swift */,
				B70125E02C88D30F00F45558 /* MatchServiceTests.swift */,
				B7BC2E9E2C88D9810038BC18 /* MockMatchService.swift */,
				B7BC2EA02C88D9AD0038BC18 /* MatchesListViewModelTests.swift */,
			);
			path = match;
			sourceTree = "<group>";
		};
		B70125E32C88D48900F45558 /* api */ = {
			isa = PBXGroup;
			children = (
				B70125E42C88D49400F45558 /* MockURLSession.swift */,
				B7BC2E982C88D6C00038BC18 /* APIServiceTests.swift */,
			);
			path = api;
			sourceTree = "<group>";
		};
		B7A6D55C2C87C674004F92CB /* viewModel */ = {
			isa = PBXGroup;
			children = (
				B7B103872C87543C00C96126 /* MatchesListViewModel.swift */,
			);
			path = viewModel;
			sourceTree = "<group>";
		};
		B7A6D55D2C87C6B5004F92CB /* view */ = {
			isa = PBXGroup;
			children = (
				B7B103892C8754E600C96126 /* MatchesListView.swift */,
				B7A6D55A2C879862004F92CB /* MatchRowView.swift */,
			);
			path = view;
			sourceTree = "<group>";
		};
		B7A6D55E2C87C6C8004F92CB /* model */ = {
			isa = PBXGroup;
			children = (
				B7B103722C86624C00C96126 /* MatchListModel.swift */,
			);
			path = model;
			sourceTree = "<group>";
		};
		B7B1032F2C85F0F300C96126 = {
			isa = PBXGroup;
			children = (
				B7B1033A2C85F0F300C96126 /* cs-go-matches */,
				B7BFFE6E2C88AD3F00A7EAEF /* cs-go-matchesTests */,
				B7B103392C85F0F300C96126 /* Products */,
			);
			sourceTree = "<group>";
		};
		B7B103392C85F0F300C96126 /* Products */ = {
			isa = PBXGroup;
			children = (
				B7B103382C85F0F300C96126 /* cs-go-matches.app */,
				B7BFFE6D2C88AD3E00A7EAEF /* cs-go-matchesTests.xctest */,
			);
			name = Products;
			sourceTree = "<group>";
		};
		B7B1033A2C85F0F300C96126 /* cs-go-matches */ = {
			isa = PBXGroup;
			children = (
				B7B103652C85F1D300C96126 /* app */,
				B7B1036D2C8602CC00C96126 /* modules */,
				B7B103712C86032D00C96126 /* services */,
				B7B103822C866E2600C96126 /* utils */,
				B7B103692C85F47300C96126 /* extensions */,
				B7B103662C85F1E900C96126 /* resources */,
				B7B1036C2C85FB6200C96126 /* Info.plist */,
				B7B103412C85F0F400C96126 /* Preview Content */,
			);
			path = "cs-go-matches";
			sourceTree = "<group>";
		};
		B7B103412C85F0F400C96126 /* Preview Content */ = {
			isa = PBXGroup;
			children = (
				B7B103422C85F0F400C96126 /* Preview Assets.xcassets */,
			);
			path = "Preview Content";
			sourceTree = "<group>";
		};
		B7B103652C85F1D300C96126 /* app */ = {
			isa = PBXGroup;
			children = (
				B7B1033B2C85F0F300C96126 /* cs_go_matchesApp.swift */,
				B7B103672C85F27500C96126 /* LaunchScreen.storyboard */,
			);
			path = app;
			sourceTree = "<group>";
		};
		B7B103662C85F1E900C96126 /* resources */ = {
			isa = PBXGroup;
			children = (
				B7B1033F2C85F0F400C96126 /* Assets.xcassets */,
				B7B103802C8669CB00C96126 /* development.xcconfig */,
				B7B103812C866A0200C96126 /* development.xcconfig.example */,
			);
			path = resources;
			sourceTree = "<group>";
		};
		B7B103692C85F47300C96126 /* extensions */ = {
			isa = PBXGroup;
			children = (
				B7B1036A2C85F49800C96126 /* Color.swift */,
				B7BFFE622C889DC200A7EAEF /* Collections.swift */,
				B7BC2E962C88D6670038BC18 /* URLSession.swift */,
			);
			path = extensions;
			sourceTree = "<group>";
		};
		B7B1036D2C8602CC00C96126 /* modules */ = {
			isa = PBXGroup;
			children = (
				B7B1036F2C8602FD00C96126 /* matchDetail */,
				B7B1036E2C8602DC00C96126 /* matchesList */,
			);
			path = modules;
			sourceTree = "<group>";
		};
		B7B1036E2C8602DC00C96126 /* matchesList */ = {
			isa = PBXGroup;
			children = (
				B7A6D55E2C87C6C8004F92CB /* model */,
				B7A6D55C2C87C674004F92CB /* viewModel */,
				B7A6D55D2C87C6B5004F92CB /* view */,
			);
			path = matchesList;
			sourceTree = "<group>";
		};
		B7B1036F2C8602FD00C96126 /* matchDetail */ = {
			isa = PBXGroup;
			children = (
				B7B103702C86032600C96126 /* model */,
			);
			path = matchDetail;
			sourceTree = "<group>";
		};
		B7B103702C86032600C96126 /* model */ = {
			isa = PBXGroup;
			children = (
				B7B103742C86627200C96126 /* MatchDetail.swift */,
			);
			path = model;
			sourceTree = "<group>";
		};
		B7B103712C86032D00C96126 /* services */ = {
			isa = PBXGroup;
			children = (
				B7B103762C86666C00C96126 /* API */,
			);
			path = services;
			sourceTree = "<group>";
		};
		B7B103762C86666C00C96126 /* API */ = {
			isa = PBXGroup;
			children = (
				B7B103792C86670800C96126 /* APIService.swift */,
				B7BFFE5F2C888F3F00A7EAEF /* match */,
			);
			path = API;
			sourceTree = "<group>";
		};
		B7B103822C866E2600C96126 /* utils */ = {
			isa = PBXGroup;
			children = (
				B7B103832C866E3F00C96126 /* EnvConfigurations.swift */,
				B7BC2E9C2C88D8A20038BC18 /* AppError.swift */,
			);
			path = utils;
			sourceTree = "<group>";
		};
		B7BFFE5F2C888F3F00A7EAEF /* match */ = {
			isa = PBXGroup;
			children = (
				B7B103772C8666D300C96126 /* APIEndpoints.swift */,
				B7B1037B2C86673000C96126 /* MatchService.swift */,
				B7B1037D2C8667FD00C96126 /* MatchServiceProtocols.swift */,
				B7BFFE602C888F7300A7EAEF /* MatchParser.swift */,
			);
			path = match;
			sourceTree = "<group>";
		};
		B7BFFE6E2C88AD3F00A7EAEF /* cs-go-matchesTests */ = {
			isa = PBXGroup;
			children = (
				B7BFFE762C88AD4E00A7EAEF /* mockData */,
				B70125DD2C88D29A00F45558 /* services */,
			);
			path = "cs-go-matchesTests";
			sourceTree = "<group>";
		};
		B7BFFE762C88AD4E00A7EAEF /* mockData */ = {
			isa = PBXGroup;
			children = (
				B7BFFE772C88AD7400A7EAEF /* MockJson.swift */,
			);
			path = mockData;
			sourceTree = "<group>";
		};
/* End PBXGroup section */

/* Begin PBXNativeTarget section */
		B7B103372C85F0F300C96126 /* cs-go-matches */ = {
			isa = PBXNativeTarget;
			buildConfigurationList = B7B1035C2C85F0F400C96126 /* Build configuration list for PBXNativeTarget "cs-go-matches" */;
			buildPhases = (
				B7B103342C85F0F300C96126 /* Sources */,
				B7B103352C85F0F300C96126 /* Frameworks */,
				B7B103362C85F0F300C96126 /* Resources */,
			);
			buildRules = (
			);
			dependencies = (
			);
			name = "cs-go-matches";
			productName = "cs-go-matches";
			productReference = B7B103382C85F0F300C96126 /* cs-go-matches.app */;
			productType = "com.apple.product-type.application";
		};
		B7BFFE6C2C88AD3E00A7EAEF /* cs-go-matchesTests */ = {
			isa = PBXNativeTarget;
			buildConfigurationList = B7BFFE732C88AD3F00A7EAEF /* Build configuration list for PBXNativeTarget "cs-go-matchesTests" */;
			buildPhases = (
				B7BFFE692C88AD3E00A7EAEF /* Sources */,
				B7BFFE6A2C88AD3E00A7EAEF /* Frameworks */,
				B7BFFE6B2C88AD3E00A7EAEF /* Resources */,
			);
			buildRules = (
			);
			dependencies = (
				B7BFFE722C88AD3F00A7EAEF /* PBXTargetDependency */,
			);
			name = "cs-go-matchesTests";
			productName = "cs-go-matchesTests";
			productReference = B7BFFE6D2C88AD3E00A7EAEF /* cs-go-matchesTests.xctest */;
			productType = "com.apple.product-type.bundle.unit-test";
		};
/* End PBXNativeTarget section */

/* Begin PBXProject section */
		B7B103302C85F0F300C96126 /* Project object */ = {
			isa = PBXProject;
			attributes = {
				BuildIndependentTargetsInParallel = 1;
				LastSwiftUpdateCheck = 1540;
				LastUpgradeCheck = 1540;
				TargetAttributes = {
					B7B103372C85F0F300C96126 = {
						CreatedOnToolsVersion = 15.4;
					};
					B7BFFE6C2C88AD3E00A7EAEF = {
						CreatedOnToolsVersion = 15.4;
						TestTargetID = B7B103372C85F0F300C96126;
					};
				};
			};
			buildConfigurationList = B7B103332C85F0F300C96126 /* Build configuration list for PBXProject "cs-go-matches" */;
			compatibilityVersion = "Xcode 14.0";
			developmentRegion = en;
			hasScannedForEncodings = 0;
			knownRegions = (
				en,
				Base,
			);
			mainGroup = B7B1032F2C85F0F300C96126;
			productRefGroup = B7B103392C85F0F300C96126 /* Products */;
			projectDirPath = "";
			projectRoot = "";
			targets = (
				B7B103372C85F0F300C96126 /* cs-go-matches */,
				B7BFFE6C2C88AD3E00A7EAEF /* cs-go-matchesTests */,
			);
		};
/* End PBXProject section */

/* Begin PBXResourcesBuildPhase section */
		B7B103362C85F0F300C96126 /* Resources */ = {
			isa = PBXResourcesBuildPhase;
			buildActionMask = 2147483647;
			files = (
				B7B103682C85F27500C96126 /* LaunchScreen.storyboard in Resources */,
				B7B103432C85F0F400C96126 /* Preview Assets.xcassets in Resources */,
				B7B103402C85F0F400C96126 /* Assets.xcassets in Resources */,
			);
			runOnlyForDeploymentPostprocessing = 0;
		};
		B7BFFE6B2C88AD3E00A7EAEF /* Resources */ = {
			isa = PBXResourcesBuildPhase;
			buildActionMask = 2147483647;
			files = (
			);
			runOnlyForDeploymentPostprocessing = 0;
		};
/* End PBXResourcesBuildPhase section */

/* Begin PBXSourcesBuildPhase section */
		B7B103342C85F0F300C96126 /* Sources */ = {
			isa = PBXSourcesBuildPhase;
			buildActionMask = 2147483647;
			files = (
				B7B1037A2C86670800C96126 /* APIService.swift in Sources */,
				B7B1033C2C85F0F300C96126 /* cs_go_matchesApp.swift in Sources */,
				B7BC2E972C88D6670038BC18 /* URLSession.swift in Sources */,
				B7B1036B2C85F49800C96126 /* Color.swift in Sources */,
				B7BC2E9D2C88D8A20038BC18 /* AppError.swift in Sources */,
				B7B103842C866E3F00C96126 /* EnvConfigurations.swift in Sources */,
				B7B1037E2C8667FD00C96126 /* MatchServiceProtocols.swift in Sources */,
				B7BFFE632C889DC200A7EAEF /* Collections.swift in Sources */,
				B7B103782C8666D300C96126 /* APIEndpoints.swift in Sources */,
				B7B103732C86624C00C96126 /* MatchListModel.swift in Sources */,
				B7A6D55B2C879862004F92CB /* MatchRowView.swift in Sources */,
				B7BFFE612C888F7300A7EAEF /* MatchParser.swift in Sources */,
				B7B103752C86627200C96126 /* MatchDetail.swift in Sources */,
				B7B1038A2C8754E600C96126 /* MatchesListView.swift in Sources */,
				B7B103882C87543C00C96126 /* MatchesListViewModel.swift in Sources */,
				B7B1037C2C86673000C96126 /* MatchService.swift in Sources */,
			);
			runOnlyForDeploymentPostprocessing = 0;
		};
		B7BFFE692C88AD3E00A7EAEF /* Sources */ = {
			isa = PBXSourcesBuildPhase;
			buildActionMask = 2147483647;
			files = (
				B7BC2E992C88D6C00038BC18 /* APIServiceTests.swift in Sources */,
				B70125DF2C88D2B800F45558 /* MockAPIService.swift in Sources */,
				B7BC2EA12C88D9AD0038BC18 /* MatchesListViewModelTests.swift in Sources */,
				B7BFFE7A2C88ADAA00A7EAEF /* MatchParserTests.swift in Sources */,
				B7BC2E9F2C88D9810038BC18 /* MockMatchService.swift in Sources */,
				B7BFFE782C88AD7400A7EAEF /* MockJson.swift in Sources */,
				B70125E52C88D49400F45558 /* MockURLSession.swift in Sources */,
				B70125E12C88D30F00F45558 /* MatchServiceTests.swift in Sources */,
			);
			runOnlyForDeploymentPostprocessing = 0;
		};
/* End PBXSourcesBuildPhase section */

/* Begin PBXTargetDependency section */
		B7BFFE722C88AD3F00A7EAEF /* PBXTargetDependency */ = {
			isa = PBXTargetDependency;
			target = B7B103372C85F0F300C96126 /* cs-go-matches */;
			targetProxy = B7BFFE712C88AD3F00A7EAEF /* PBXContainerItemProxy */;
		};
/* End PBXTargetDependency section */

/* Begin XCBuildConfiguration section */
		B7B1035A2C85F0F400C96126 /* Debug */ = {
			isa = XCBuildConfiguration;
			baseConfigurationReference = B7B103802C8669CB00C96126 /* development.xcconfig */;
			buildSettings = {
				ALWAYS_SEARCH_USER_PATHS = NO;
				ASSETCATALOG_COMPILER_GENERATE_SWIFT_ASSET_SYMBOL_EXTENSIONS = YES;
				CLANG_ANALYZER_NONNULL = YES;
				CLANG_ANALYZER_NUMBER_OBJECT_CONVERSION = YES_AGGRESSIVE;
				CLANG_CXX_LANGUAGE_STANDARD = "gnu++20";
				CLANG_ENABLE_MODULES = YES;
				CLANG_ENABLE_OBJC_ARC = YES;
				CLANG_ENABLE_OBJC_WEAK = YES;
				CLANG_WARN_BLOCK_CAPTURE_AUTORELEASING = YES;
				CLANG_WARN_BOOL_CONVERSION = YES;
				CLANG_WARN_COMMA = YES;
				CLANG_WARN_CONSTANT_CONVERSION = YES;
				CLANG_WARN_DEPRECATED_OBJC_IMPLEMENTATIONS = YES;
				CLANG_WARN_DIRECT_OBJC_ISA_USAGE = YES_ERROR;
				CLANG_WARN_DOCUMENTATION_COMMENTS = YES;
				CLANG_WARN_EMPTY_BODY = YES;
				CLANG_WARN_ENUM_CONVERSION = YES;
				CLANG_WARN_INFINITE_RECURSION = YES;
				CLANG_WARN_INT_CONVERSION = YES;
				CLANG_WARN_NON_LITERAL_NULL_CONVERSION = YES;
				CLANG_WARN_OBJC_IMPLICIT_RETAIN_SELF = YES;
				CLANG_WARN_OBJC_LITERAL_CONVERSION = YES;
				CLANG_WARN_OBJC_ROOT_CLASS = YES_ERROR;
				CLANG_WARN_QUOTED_INCLUDE_IN_FRAMEWORK_HEADER = YES;
				CLANG_WARN_RANGE_LOOP_ANALYSIS = YES;
				CLANG_WARN_STRICT_PROTOTYPES = YES;
				CLANG_WARN_SUSPICIOUS_MOVE = YES;
				CLANG_WARN_UNGUARDED_AVAILABILITY = YES_AGGRESSIVE;
				CLANG_WARN_UNREACHABLE_CODE = YES;
				CLANG_WARN__DUPLICATE_METHOD_MATCH = YES;
				COPY_PHASE_STRIP = NO;
				DEBUG_INFORMATION_FORMAT = dwarf;
				ENABLE_STRICT_OBJC_MSGSEND = YES;
				ENABLE_TESTABILITY = YES;
				ENABLE_USER_SCRIPT_SANDBOXING = YES;
				GCC_C_LANGUAGE_STANDARD = gnu17;
				GCC_DYNAMIC_NO_PIC = NO;
				GCC_NO_COMMON_BLOCKS = YES;
				GCC_OPTIMIZATION_LEVEL = 0;
				GCC_PREPROCESSOR_DEFINITIONS = (
					"DEBUG=1",
					"$(inherited)",
				);
				GCC_WARN_64_TO_32_BIT_CONVERSION = YES;
				GCC_WARN_ABOUT_RETURN_TYPE = YES_ERROR;
				GCC_WARN_UNDECLARED_SELECTOR = YES;
				GCC_WARN_UNINITIALIZED_AUTOS = YES_AGGRESSIVE;
				GCC_WARN_UNUSED_FUNCTION = YES;
				GCC_WARN_UNUSED_VARIABLE = YES;
				IPHONEOS_DEPLOYMENT_TARGET = 17.5;
				LOCALIZATION_PREFERS_STRING_CATALOGS = YES;
				MTL_ENABLE_DEBUG_INFO = INCLUDE_SOURCE;
				MTL_FAST_MATH = YES;
				ONLY_ACTIVE_ARCH = YES;
				SDKROOT = iphoneos;
				SWIFT_ACTIVE_COMPILATION_CONDITIONS = "DEBUG $(inherited)";
				SWIFT_OPTIMIZATION_LEVEL = "-Onone";
			};
			name = Debug;
		};
		B7B1035B2C85F0F400C96126 /* Release */ = {
			isa = XCBuildConfiguration;
			buildSettings = {
				ALWAYS_SEARCH_USER_PATHS = NO;
				ASSETCATALOG_COMPILER_GENERATE_SWIFT_ASSET_SYMBOL_EXTENSIONS = YES;
				CLANG_ANALYZER_NONNULL = YES;
				CLANG_ANALYZER_NUMBER_OBJECT_CONVERSION = YES_AGGRESSIVE;
				CLANG_CXX_LANGUAGE_STANDARD = "gnu++20";
				CLANG_ENABLE_MODULES = YES;
				CLANG_ENABLE_OBJC_ARC = YES;
				CLANG_ENABLE_OBJC_WEAK = YES;
				CLANG_WARN_BLOCK_CAPTURE_AUTORELEASING = YES;
				CLANG_WARN_BOOL_CONVERSION = YES;
				CLANG_WARN_COMMA = YES;
				CLANG_WARN_CONSTANT_CONVERSION = YES;
				CLANG_WARN_DEPRECATED_OBJC_IMPLEMENTATIONS = YES;
				CLANG_WARN_DIRECT_OBJC_ISA_USAGE = YES_ERROR;
				CLANG_WARN_DOCUMENTATION_COMMENTS = YES;
				CLANG_WARN_EMPTY_BODY = YES;
				CLANG_WARN_ENUM_CONVERSION = YES;
				CLANG_WARN_INFINITE_RECURSION = YES;
				CLANG_WARN_INT_CONVERSION = YES;
				CLANG_WARN_NON_LITERAL_NULL_CONVERSION = YES;
				CLANG_WARN_OBJC_IMPLICIT_RETAIN_SELF = YES;
				CLANG_WARN_OBJC_LITERAL_CONVERSION = YES;
				CLANG_WARN_OBJC_ROOT_CLASS = YES_ERROR;
				CLANG_WARN_QUOTED_INCLUDE_IN_FRAMEWORK_HEADER = YES;
				CLANG_WARN_RANGE_LOOP_ANALYSIS = YES;
				CLANG_WARN_STRICT_PROTOTYPES = YES;
				CLANG_WARN_SUSPICIOUS_MOVE = YES;
				CLANG_WARN_UNGUARDED_AVAILABILITY = YES_AGGRESSIVE;
				CLANG_WARN_UNREACHABLE_CODE = YES;
				CLANG_WARN__DUPLICATE_METHOD_MATCH = YES;
				COPY_PHASE_STRIP = NO;
				DEBUG_INFORMATION_FORMAT = "dwarf-with-dsym";
				ENABLE_NS_ASSERTIONS = NO;
				ENABLE_STRICT_OBJC_MSGSEND = YES;
				ENABLE_USER_SCRIPT_SANDBOXING = YES;
				GCC_C_LANGUAGE_STANDARD = gnu17;
				GCC_NO_COMMON_BLOCKS = YES;
				GCC_WARN_64_TO_32_BIT_CONVERSION = YES;
				GCC_WARN_ABOUT_RETURN_TYPE = YES_ERROR;
				GCC_WARN_UNDECLARED_SELECTOR = YES;
				GCC_WARN_UNINITIALIZED_AUTOS = YES_AGGRESSIVE;
				GCC_WARN_UNUSED_FUNCTION = YES;
				GCC_WARN_UNUSED_VARIABLE = YES;
				IPHONEOS_DEPLOYMENT_TARGET = 17.5;
				LOCALIZATION_PREFERS_STRING_CATALOGS = YES;
				MTL_ENABLE_DEBUG_INFO = NO;
				MTL_FAST_MATH = YES;
				SDKROOT = iphoneos;
				SWIFT_COMPILATION_MODE = wholemodule;
				VALIDATE_PRODUCT = YES;
			};
			name = Release;
		};
		B7B1035D2C85F0F400C96126 /* Debug */ = {
			isa = XCBuildConfiguration;
			buildSettings = {
				ASSETCATALOG_COMPILER_APPICON_NAME = AppIcon;
				ASSETCATALOG_COMPILER_GLOBAL_ACCENT_COLOR_NAME = AccentColor;
				CODE_SIGN_STYLE = Automatic;
				CURRENT_PROJECT_VERSION = 1;
				DEVELOPMENT_ASSET_PATHS = "\"cs-go-matches/Preview Content\"";
				DEVELOPMENT_TEAM = 7S94JX43MW;
				ENABLE_PREVIEWS = YES;
				GENERATE_INFOPLIST_FILE = YES;
				INFOPLIST_FILE = "cs-go-matches/Info.plist";
				INFOPLIST_KEY_CFBundleDisplayName = "Partidas CS GO";
				INFOPLIST_KEY_LSApplicationCategoryType = "";
				INFOPLIST_KEY_UIApplicationSceneManifest_Generation = YES;
				INFOPLIST_KEY_UIApplicationSupportsIndirectInputEvents = YES;
				INFOPLIST_KEY_UILaunchStoryboardName = LaunchScreen.storyboard;
				INFOPLIST_KEY_UISupportedInterfaceOrientations = UIInterfaceOrientationPortrait;
				INFOPLIST_KEY_UISupportedInterfaceOrientations_iPad = "UIInterfaceOrientationLandscapeLeft UIInterfaceOrientationLandscapeRight UIInterfaceOrientationPortrait UIInterfaceOrientationPortraitUpsideDown";
				LD_RUNPATH_SEARCH_PATHS = (
					"$(inherited)",
					"@executable_path/Frameworks",
				);
				MARKETING_VERSION = 1.0;
				PRODUCT_BUNDLE_IDENTIFIER = "dev.filipemarques.cs-go-matches";
				PRODUCT_NAME = "$(TARGET_NAME)";
				SUPPORTED_PLATFORMS = "iphoneos iphonesimulator";
				SUPPORTS_MACCATALYST = NO;
				SUPPORTS_MAC_DESIGNED_FOR_IPHONE_IPAD = NO;
				SUPPORTS_XR_DESIGNED_FOR_IPHONE_IPAD = NO;
				SWIFT_EMIT_LOC_STRINGS = YES;
				SWIFT_VERSION = 5.0;
				TARGETED_DEVICE_FAMILY = 1;
			};
			name = Debug;
		};
		B7B1035E2C85F0F400C96126 /* Release */ = {
			isa = XCBuildConfiguration;
			buildSettings = {
				ASSETCATALOG_COMPILER_APPICON_NAME = AppIcon;
				ASSETCATALOG_COMPILER_GLOBAL_ACCENT_COLOR_NAME = AccentColor;
				CODE_SIGN_STYLE = Automatic;
				CURRENT_PROJECT_VERSION = 1;
				DEVELOPMENT_ASSET_PATHS = "\"cs-go-matches/Preview Content\"";
				DEVELOPMENT_TEAM = 7S94JX43MW;
				ENABLE_PREVIEWS = YES;
				GENERATE_INFOPLIST_FILE = YES;
				INFOPLIST_FILE = "cs-go-matches/Info.plist";
				INFOPLIST_KEY_CFBundleDisplayName = "Partidas CS GO";
				INFOPLIST_KEY_LSApplicationCategoryType = "";
				INFOPLIST_KEY_UIApplicationSceneManifest_Generation = YES;
				INFOPLIST_KEY_UIApplicationSupportsIndirectInputEvents = YES;
				INFOPLIST_KEY_UILaunchStoryboardName = LaunchScreen.storyboard;
				INFOPLIST_KEY_UISupportedInterfaceOrientations = UIInterfaceOrientationPortrait;
				INFOPLIST_KEY_UISupportedInterfaceOrientations_iPad = "UIInterfaceOrientationLandscapeLeft UIInterfaceOrientationLandscapeRight UIInterfaceOrientationPortrait UIInterfaceOrientationPortraitUpsideDown";
				LD_RUNPATH_SEARCH_PATHS = (
					"$(inherited)",
					"@executable_path/Frameworks",
				);
				MARKETING_VERSION = 1.0;
				PRODUCT_BUNDLE_IDENTIFIER = "dev.filipemarques.cs-go-matches";
				PRODUCT_NAME = "$(TARGET_NAME)";
				SUPPORTED_PLATFORMS = "iphoneos iphonesimulator";
				SUPPORTS_MACCATALYST = NO;
				SUPPORTS_MAC_DESIGNED_FOR_IPHONE_IPAD = NO;
				SUPPORTS_XR_DESIGNED_FOR_IPHONE_IPAD = NO;
				SWIFT_EMIT_LOC_STRINGS = YES;
				SWIFT_VERSION = 5.0;
				TARGETED_DEVICE_FAMILY = 1;
			};
			name = Release;
		};
		B7BFFE742C88AD3F00A7EAEF /* Debug */ = {
			isa = XCBuildConfiguration;
			buildSettings = {
				BUNDLE_LOADER = "$(TEST_HOST)";
				CODE_SIGN_STYLE = Automatic;
				CURRENT_PROJECT_VERSION = 1;
				DEVELOPMENT_TEAM = 7S94JX43MW;
				GENERATE_INFOPLIST_FILE = YES;
				MARKETING_VERSION = 1.0;
				PRODUCT_BUNDLE_IDENTIFIER = "dev.filipemarques.cs-go-matchesTests";
				PRODUCT_NAME = "$(TARGET_NAME)";
				SWIFT_EMIT_LOC_STRINGS = NO;
				SWIFT_VERSION = 5.0;
				TARGETED_DEVICE_FAMILY = "1,2";
				TEST_HOST = "$(BUILT_PRODUCTS_DIR)/cs-go-matches.app/$(BUNDLE_EXECUTABLE_FOLDER_PATH)/cs-go-matches";
			};
			name = Debug;
		};
		B7BFFE752C88AD3F00A7EAEF /* Release */ = {
			isa = XCBuildConfiguration;
			buildSettings = {
				BUNDLE_LOADER = "$(TEST_HOST)";
				CODE_SIGN_STYLE = Automatic;
				CURRENT_PROJECT_VERSION = 1;
				DEVELOPMENT_TEAM = 7S94JX43MW;
				GENERATE_INFOPLIST_FILE = YES;
				MARKETING_VERSION = 1.0;
				PRODUCT_BUNDLE_IDENTIFIER = "dev.filipemarques.cs-go-matchesTests";
				PRODUCT_NAME = "$(TARGET_NAME)";
				SWIFT_EMIT_LOC_STRINGS = NO;
				SWIFT_VERSION = 5.0;
				TARGETED_DEVICE_FAMILY = "1,2";
				TEST_HOST = "$(BUILT_PRODUCTS_DIR)/cs-go-matches.app/$(BUNDLE_EXECUTABLE_FOLDER_PATH)/cs-go-matches";
			};
			name = Release;
		};
/* End XCBuildConfiguration section */

/* Begin XCConfigurationList section */
		B7B103332C85F0F300C96126 /* Build configuration list for PBXProject "cs-go-matches" */ = {
			isa = XCConfigurationList;
			buildConfigurations = (
				B7B1035A2C85F0F400C96126 /* Debug */,
				B7B1035B2C85F0F400C96126 /* Release */,
			);
			defaultConfigurationIsVisible = 0;
			defaultConfigurationName = Release;
		};
		B7B1035C2C85F0F400C96126 /* Build configuration list for PBXNativeTarget "cs-go-matches" */ = {
			isa = XCConfigurationList;
			buildConfigurations = (
				B7B1035D2C85F0F400C96126 /* Debug */,
				B7B1035E2C85F0F400C96126 /* Release */,
			);
			defaultConfigurationIsVisible = 0;
			defaultConfigurationName = Release;
		};
		B7BFFE732C88AD3F00A7EAEF /* Build configuration list for PBXNativeTarget "cs-go-matchesTests" */ = {
			isa = XCConfigurationList;
			buildConfigurations = (
				B7BFFE742C88AD3F00A7EAEF /* Debug */,
				B7BFFE752C88AD3F00A7EAEF /* Release */,
			);
			defaultConfigurationIsVisible = 0;
			defaultConfigurationName = Release;
		};
/* End XCConfigurationList section */
	};
	rootObject = B7B103302C85F0F300C96126 /* Project object */;
}
